
Microsoft Visual Studio Solution File, Format Version 12.00
# Visual Studio 14
VisualStudioVersion = 14.0.25420.1
MinimumVisualStudioVersion = 10.0.40219.1
Project("{FAE04EC0-301F-11D3-BF4B-00C04F79EFBC}") = "newyearsapp", "newyearsapp\newyearsapp\newyearsapp.csproj", "{D1E3E11C-4320-44FD-8A72-CB453E5FB8E2}"
EndProject
Project("{FAE04EC0-301F-11D3-BF4B-00C04F79EFBC}") = "newyearsapp.Droid", "newyearsapp\newyearsapp.Droid\newyearsapp.Droid.csproj", "{8D9B9C29-AA72-411F-9815-15CECE034D31}"
EndProject
Project("{FAE04EC0-301F-11D3-BF4B-00C04F79EFBC}") = "newyearsapp.iOS", "newyearsapp\newyearsapp.iOS\newyearsapp.iOS.csproj", "{D790AA02-0B77-4062-B748-A7837DB39508}"
EndProject
Project("{FAE04EC0-301F-11D3-BF4B-00C04F79EFBC}") = "newyearsapp.WinPhone", "newyearsapp\newyearsapp.WinPhone\newyearsapp.WinPhone.csproj", "{3DFE7A44-6ECD-489A-B270-8863A82BBD51}"
EndProject
Project("{FAE04EC0-301F-11D3-BF4B-00C04F79EFBC}") = "newyearsapp.Windows", "newyearsapp\newyearsapp.Windows\newyearsapp.Windows.csproj", "{E845051F-E2DB-464C-A8B5-06589DFE22E7}"
EndProject
Global
	GlobalSection(SolutionConfigurationPlatforms) = preSolution
		Ad-Hoc|Any CPU = Ad-Hoc|Any CPU
		Ad-Hoc|ARM = Ad-Hoc|ARM
		Ad-Hoc|iPhone = Ad-Hoc|iPhone
		Ad-Hoc|iPhoneSimulator = Ad-Hoc|iPhoneSimulator
		Ad-Hoc|x64 = Ad-Hoc|x64
		Ad-Hoc|x86 = Ad-Hoc|x86
		AppStore|Any CPU = AppStore|Any CPU
		AppStore|ARM = AppStore|ARM
		AppStore|iPhone = AppStore|iPhone
		AppStore|iPhoneSimulator = AppStore|iPhoneSimulator
		AppStore|x64 = AppStore|x64
		AppStore|x86 = AppStore|x86
		Debug|Any CPU = Debug|Any CPU
		Debug|ARM = Debug|ARM
		Debug|iPhone = Debug|iPhone
		Debug|iPhoneSimulator = Debug|iPhoneSimulator
		Debug|x64 = Debug|x64
		Debug|x86 = Debug|x86
		Release|Any CPU = Release|Any CPU
		Release|ARM = Release|ARM
		Release|iPhone = Release|iPhone
		Release|iPhoneSimulator = Release|iPhoneSimulator
		Release|x64 = Release|x64
		Release|x86 = Release|x86
	EndGlobalSection
	GlobalSection(ProjectConfigurationPlatforms) = postSolution
		{D1E3E11C-4320-44FD-8A72-CB453E5FB8E2}.Ad-Hoc|Any CPU.ActiveCfg = Release|Any CPU
		{D1E3E11C-4320-44FD-8A72-CB453E5FB8E2}.Ad-Hoc|Any CPU.Build.0 = Release|Any CPU
		{D1E3E11C-4320-44FD-8A72-CB453E5FB8E2}.Ad-Hoc|ARM.ActiveCfg = Release|Any CPU
		{D1E3E11C-4320-44FD-8A72-CB453E5FB8E2}.Ad-Hoc|ARM.Build.0 = Release|Any CPU
		{D1E3E11C-4320-44FD-8A72-CB453E5FB8E2}.Ad-Hoc|iPhone.ActiveCfg = Release|Any CPU
		{D1E3E11C-4320-44FD-8A72-CB453E5FB8E2}.Ad-Hoc|iPhone.Build.0 = Release|Any CPU
		{D1E3E11C-4320-44FD-8A72-CB453E5FB8E2}.Ad-Hoc|iPhoneSimulator.ActiveCfg = Release|Any CPU
		{D1E3E11C-4320-44FD-8A72-CB453E5FB8E2}.Ad-Hoc|iPhoneSimulator.Build.0 = Release|Any CPU
		{D1E3E11C-4320-44FD-8A72-CB453E5FB8E2}.Ad-Hoc|x64.ActiveCfg = Release|Any CPU
		{D1E3E11C-4320-44FD-8A72-CB453E5FB8E2}.Ad-Hoc|x64.Build.0 = Release|Any CPU
		{D1E3E11C-4320-44FD-8A72-CB453E5FB8E2}.Ad-Hoc|x86.ActiveCfg = Release|Any CPU
		{D1E3E11C-4320-44FD-8A72-CB453E5FB8E2}.Ad-Hoc|x86.Build.0 = Release|Any CPU
		{D1E3E11C-4320-44FD-8A72-CB453E5FB8E2}.AppStore|Any CPU.ActiveCfg = Release|Any CPU
		{D1E3E11C-4320-44FD-8A72-CB453E5FB8E2}.AppStore|Any CPU.Build.0 = Release|Any CPU
		{D1E3E11C-4320-44FD-8A72-CB453E5FB8E2}.AppStore|ARM.ActiveCfg = Release|Any CPU
		{D1E3E11C-4320-44FD-8A72-CB453E5FB8E2}.AppStore|ARM.Build.0 = Release|Any CPU
		{D1E3E11C-4320-44FD-8A72-CB453E5FB8E2}.AppStore|iPhone.ActiveCfg = Release|Any CPU
		{D1E3E11C-4320-44FD-8A72-CB453E5FB8E2}.AppStore|iPhone.Build.0 = Release|Any CPU
		{D1E3E11C-4320-44FD-8A72-CB453E5FB8E2}.AppStore|iPhoneSimulator.ActiveCfg = Release|Any CPU
		{D1E3E11C-4320-44FD-8A72-CB453E5FB8E2}.AppStore|iPhoneSimulator.Build.0 = Release|Any CPU
		{D1E3E11C-4320-44FD-8A72-CB453E5FB8E2}.AppStore|x64.ActiveCfg = Release|Any CPU
		{D1E3E11C-4320-44FD-8A72-CB453E5FB8E2}.AppStore|x64.Build.0 = Release|Any CPU
		{D1E3E11C-4320-44FD-8A72-CB453E5FB8E2}.AppStore|x86.ActiveCfg = Release|Any CPU
		{D1E3E11C-4320-44FD-8A72-CB453E5FB8E2}.AppStore|x86.Build.0 = Release|Any CPU
		{D1E3E11C-4320-44FD-8A72-CB453E5FB8E2}.Debug|Any CPU.ActiveCfg = Debug|Any CPU
		{D1E3E11C-4320-44FD-8A72-CB453E5FB8E2}.Debug|Any CPU.Build.0 = Debug|Any CPU
		{D1E3E11C-4320-44FD-8A72-CB453E5FB8E2}.Debug|ARM.ActiveCfg = Debug|Any CPU
		{D1E3E11C-4320-44FD-8A72-CB453E5FB8E2}.Debug|ARM.Build.0 = Debug|Any CPU
		{D1E3E11C-4320-44FD-8A72-CB453E5FB8E2}.Debug|iPhone.ActiveCfg = Debug|Any CPU
		{D1E3E11C-4320-44FD-8A72-CB453E5FB8E2}.Debug|iPhone.Build.0 = Debug|Any CPU
		{D1E3E11C-4320-44FD-8A72-CB453E5FB8E2}.Debug|iPhoneSimulator.ActiveCfg = Debug|Any CPU
		{D1E3E11C-4320-44FD-8A72-CB453E5FB8E2}.Debug|iPhoneSimulator.Build.0 = Debug|Any CPU
		{D1E3E11C-4320-44FD-8A72-CB453E5FB8E2}.Debug|x64.ActiveCfg = Debug|Any CPU
		{D1E3E11C-4320-44FD-8A72-CB453E5FB8E2}.Debug|x64.Build.0 = Debug|Any CPU
		{D1E3E11C-4320-44FD-8A72-CB453E5FB8E2}.Debug|x86.ActiveCfg = Debug|Any CPU
		{D1E3E11C-4320-44FD-8A72-CB453E5FB8E2}.Debug|x86.Build.0 = Debug|Any CPU
		{D1E3E11C-4320-44FD-8A72-CB453E5FB8E2}.Release|Any CPU.ActiveCfg = Release|Any CPU
		{D1E3E11C-4320-44FD-8A72-CB453E5FB8E2}.Release|Any CPU.Build.0 = Release|Any CPU
		{D1E3E11C-4320-44FD-8A72-CB453E5FB8E2}.Release|ARM.ActiveCfg = Release|Any CPU
		{D1E3E11C-4320-44FD-8A72-CB453E5FB8E2}.Release|ARM.Build.0 = Release|Any CPU
		{D1E3E11C-4320-44FD-8A72-CB453E5FB8E2}.Release|iPhone.ActiveCfg = Release|Any CPU
		{D1E3E11C-4320-44FD-8A72-CB453E5FB8E2}.Release|iPhone.Build.0 = Release|Any CPU
		{D1E3E11C-4320-44FD-8A72-CB453E5FB8E2}.Release|iPhoneSimulator.ActiveCfg = Release|Any CPU
		{D1E3E11C-4320-44FD-8A72-CB453E5FB8E2}.Release|iPhoneSimulator.Build.0 = Release|Any CPU
		{D1E3E11C-4320-44FD-8A72-CB453E5FB8E2}.Release|x64.ActiveCfg = Release|Any CPU
		{D1E3E11C-4320-44FD-8A72-CB453E5FB8E2}.Release|x64.Build.0 = Release|Any CPU
		{D1E3E11C-4320-44FD-8A72-CB453E5FB8E2}.Release|x86.ActiveCfg = Release|Any CPU
		{D1E3E11C-4320-44FD-8A72-CB453E5FB8E2}.Release|x86.Build.0 = Release|Any CPU
		{8D9B9C29-AA72-411F-9815-15CECE034D31}.Ad-Hoc|Any CPU.ActiveCfg = Release|Any CPU
		{8D9B9C29-AA72-411F-9815-15CECE034D31}.Ad-Hoc|Any CPU.Build.0 = Release|Any CPU
		{8D9B9C29-AA72-411F-9815-15CECE034D31}.Ad-Hoc|Any CPU.Deploy.0 = Release|Any CPU
		{8D9B9C29-AA72-411F-9815-15CECE034D31}.Ad-Hoc|ARM.ActiveCfg = Release|Any CPU
		{8D9B9C29-AA72-411F-9815-15CECE034D31}.Ad-Hoc|ARM.Build.0 = Release|Any CPU
		{8D9B9C29-AA72-411F-9815-15CECE034D31}.Ad-Hoc|ARM.Deploy.0 = Release|Any CPU
		{8D9B9C29-AA72-411F-9815-15CECE034D31}.Ad-Hoc|iPhone.ActiveCfg = Release|Any CPU
		{8D9B9C29-AA72-411F-9815-15CECE034D31}.Ad-Hoc|iPhone.Build.0 = Release|Any CPU
		{8D9B9C29-AA72-411F-9815-15CECE034D31}.Ad-Hoc|iPhone.Deploy.0 = Release|Any CPU
		{8D9B9C29-AA72-411F-9815-15CECE034D31}.Ad-Hoc|iPhoneSimulator.ActiveCfg = Release|Any CPU
		{8D9B9C29-AA72-411F-9815-15CECE034D31}.Ad-Hoc|iPhoneSimulator.Build.0 = Release|Any CPU
		{8D9B9C29-AA72-411F-9815-15CECE034D31}.Ad-Hoc|iPhoneSimulator.Deploy.0 = Release|Any CPU
		{8D9B9C29-AA72-411F-9815-15CECE034D31}.Ad-Hoc|x64.ActiveCfg = Release|Any CPU
		{8D9B9C29-AA72-411F-9815-15CECE034D31}.Ad-Hoc|x64.Build.0 = Release|Any CPU
		{8D9B9C29-AA72-411F-9815-15CECE034D31}.Ad-Hoc|x64.Deploy.0 = Release|Any CPU
		{8D9B9C29-AA72-411F-9815-15CECE034D31}.Ad-Hoc|x86.ActiveCfg = Release|Any CPU
		{8D9B9C29-AA72-411F-9815-15CECE034D31}.Ad-Hoc|x86.Build.0 = Release|Any CPU
		{8D9B9C29-AA72-411F-9815-15CECE034D31}.Ad-Hoc|x86.Deploy.0 = Release|Any CPU
		{8D9B9C29-AA72-411F-9815-15CECE034D31}.AppStore|Any CPU.ActiveCfg = Release|Any CPU
		{8D9B9C29-AA72-411F-9815-15CECE034D31}.AppStore|Any CPU.Build.0 = Release|Any CPU
		{8D9B9C29-AA72-411F-9815-15CECE034D31}.AppStore|Any CPU.Deploy.0 = Release|Any CPU
		{8D9B9C29-AA72-411F-9815-15CECE034D31}.AppStore|ARM.ActiveCfg = Release|Any CPU
		{8D9B9C29-AA72-411F-9815-15CECE034D31}.AppStore|ARM.Build.0 = Release|Any CPU
		{8D9B9C29-AA72-411F-9815-15CECE034D31}.AppStore|ARM.Deploy.0 = Release|Any CPU
		{8D9B9C29-AA72-411F-9815-15CECE034D31}.AppStore|iPhone.ActiveCfg = Release|Any CPU
		{8D9B9C29-AA72-411F-9815-15CECE034D31}.AppStore|iPhone.Build.0 = Release|Any CPU
		{8D9B9C29-AA72-411F-9815-15CECE034D31}.AppStore|iPhone.Deploy.0 = Release|Any CPU
		{8D9B9C29-AA72-411F-9815-15CECE034D31}.AppStore|iPhoneSimulator.ActiveCfg = Release|Any CPU
		{8D9B9C29-AA72-411F-9815-15CECE034D31}.AppStore|iPhoneSimulator.Build.0 = Release|Any CPU
		{8D9B9C29-AA72-411F-9815-15CECE034D31}.AppStore|iPhoneSimulator.Deploy.0 = Release|Any CPU
		{8D9B9C29-AA72-411F-9815-15CECE034D31}.AppStore|x64.ActiveCfg = Release|Any CPU
		{8D9B9C29-AA72-411F-9815-15CECE034D31}.AppStore|x64.Build.0 = Release|Any CPU
		{8D9B9C29-AA72-411F-9815-15CECE034D31}.AppStore|x64.Deploy.0 = Release|Any CPU
		{8D9B9C29-AA72-411F-9815-15CECE034D31}.AppStore|x86.ActiveCfg = Release|Any CPU
		{8D9B9C29-AA72-411F-9815-15CECE034D31}.AppStore|x86.Build.0 = Release|Any CPU
		{8D9B9C29-AA72-411F-9815-15CECE034D31}.AppStore|x86.Deploy.0 = Release|Any CPU
		{8D9B9C29-AA72-411F-9815-15CECE034D31}.Debug|Any CPU.ActiveCfg = Debug|Any CPU
		{8D9B9C29-AA72-411F-9815-15CECE034D31}.Debug|Any CPU.Build.0 = Debug|Any CPU
		{8D9B9C29-AA72-411F-9815-15CECE034D31}.Debug|Any CPU.Deploy.0 = Debug|Any CPU
		{8D9B9C29-AA72-411F-9815-15CECE034D31}.Debug|ARM.ActiveCfg = Debug|Any CPU
		{8D9B9C29-AA72-411F-9815-15CECE034D31}.Debug|ARM.Build.0 = Debug|Any CPU
		{8D9B9C29-AA72-411F-9815-15CECE034D31}.Debug|ARM.Deploy.0 = Debug|Any CPU
		{8D9B9C29-AA72-411F-9815-15CECE034D31}.Debug|iPhone.ActiveCfg = Debug|Any CPU
		{8D9B9C29-AA72-411F-9815-15CECE034D31}.Debug|iPhone.Build.0 = Debug|Any CPU
		{8D9B9C29-AA72-411F-9815-15CECE034D31}.Debug|iPhone.Deploy.0 = Debug|Any CPU
		{8D9B9C29-AA72-411F-9815-15CECE034D31}.Debug|iPhoneSimulator.ActiveCfg = Debug|Any CPU
		{8D9B9C29-AA72-411F-9815-15CECE034D31}.Debug|iPhoneSimulator.Build.0 = Debug|Any CPU
		{8D9B9C29-AA72-411F-9815-15CECE034D31}.Debug|iPhoneSimulator.Deploy.0 = Debug|Any CPU
		{8D9B9C29-AA72-411F-9815-15CECE034D31}.Debug|x64.ActiveCfg = Debug|Any CPU
		{8D9B9C29-AA72-411F-9815-15CECE034D31}.Debug|x64.Build.0 = Debug|Any CPU
		{8D9B9C29-AA72-411F-9815-15CECE034D31}.Debug|x64.Deploy.0 = Debug|Any CPU
		{8D9B9C29-AA72-411F-9815-15CECE034D31}.Debug|x86.ActiveCfg = Debug|Any CPU
		{8D9B9C29-AA72-411F-9815-15CECE034D31}.Debug|x86.Build.0 = Debug|Any CPU
		{8D9B9C29-AA72-411F-9815-15CECE034D31}.Debug|x86.Deploy.0 = Debug|Any CPU
		{8D9B9C29-AA72-411F-9815-15CECE034D31}.Release|Any CPU.ActiveCfg = Release|Any CPU
		{8D9B9C29-AA72-411F-9815-15CECE034D31}.Release|Any CPU.Build.0 = Release|Any CPU
		{8D9B9C29-AA72-411F-9815-15CECE034D31}.Release|Any CPU.Deploy.0 = Release|Any CPU
		{8D9B9C29-AA72-411F-9815-15CECE034D31}.Release|ARM.ActiveCfg = Release|Any CPU
		{8D9B9C29-AA72-411F-9815-15CECE034D31}.Release|ARM.Build.0 = Release|Any CPU
		{8D9B9C29-AA72-411F-9815-15CECE034D31}.Release|ARM.Deploy.0 = Release|Any CPU
		{8D9B9C29-AA72-411F-9815-15CECE034D31}.Release|iPhone.ActiveCfg = Release|Any CPU
		{8D9B9C29-AA72-411F-9815-15CECE034D31}.Release|iPhone.Build.0 = Release|Any CPU
		{8D9B9C29-AA72-411F-9815-15CECE034D31}.Release|iPhone.Deploy.0 = Release|Any CPU
		{8D9B9C29-AA72-411F-9815-15CECE034D31}.Release|iPhoneSimulator.ActiveCfg = Release|Any CPU
		{8D9B9C29-AA72-411F-9815-15CECE034D31}.Release|iPhoneSimulator.Build.0 = Release|Any CPU
		{8D9B9C29-AA72-411F-9815-15CECE034D31}.Release|iPhoneSimulator.Deploy.0 = Release|Any CPU
		{8D9B9C29-AA72-411F-9815-15CECE034D31}.Release|x64.ActiveCfg = Release|Any CPU
		{8D9B9C29-AA72-411F-9815-15CECE034D31}.Release|x64.Build.0 = Release|Any CPU
		{8D9B9C29-AA72-411F-9815-15CECE034D31}.Release|x64.Deploy.0 = Release|Any CPU
		{8D9B9C29-AA72-411F-9815-15CECE034D31}.Release|x86.ActiveCfg = Release|Any CPU
		{8D9B9C29-AA72-411F-9815-15CECE034D31}.Release|x86.Build.0 = Release|Any CPU
		{8D9B9C29-AA72-411F-9815-15CECE034D31}.Release|x86.Deploy.0 = Release|Any CPU
		{D790AA02-0B77-4062-B748-A7837DB39508}.Ad-Hoc|Any CPU.ActiveCfg = Ad-Hoc|iPhone
		{D790AA02-0B77-4062-B748-A7837DB39508}.Ad-Hoc|ARM.ActiveCfg = Ad-Hoc|iPhone
		{D790AA02-0B77-4062-B748-A7837DB39508}.Ad-Hoc|iPhone.ActiveCfg = Ad-Hoc|iPhone
		{D790AA02-0B77-4062-B748-A7837DB39508}.Ad-Hoc|iPhone.Build.0 = Ad-Hoc|iPhone
		{D790AA02-0B77-4062-B748-A7837DB39508}.Ad-Hoc|iPhoneSimulator.ActiveCfg = Ad-Hoc|iPhoneSimulator
		{D790AA02-0B77-4062-B748-A7837DB39508}.Ad-Hoc|iPhoneSimulator.Build.0 = Ad-Hoc|iPhoneSimulator
		{D790AA02-0B77-4062-B748-A7837DB39508}.Ad-Hoc|x64.ActiveCfg = Ad-Hoc|iPhone
		{D790AA02-0B77-4062-B748-A7837DB39508}.Ad-Hoc|x86.ActiveCfg = Ad-Hoc|iPhone
		{D790AA02-0B77-4062-B748-A7837DB39508}.AppStore|Any CPU.ActiveCfg = AppStore|iPhone
		{D790AA02-0B77-4062-B748-A7837DB39508}.AppStore|ARM.ActiveCfg = AppStore|iPhone
		{D790AA02-0B77-4062-B748-A7837DB39508}.AppStore|iPhone.ActiveCfg = AppStore|iPhone
		{D790AA02-0B77-4062-B748-A7837DB39508}.AppStore|iPhone.Build.0 = AppStore|iPhone
		{D790AA02-0B77-4062-B748-A7837DB39508}.AppStore|iPhoneSimulator.ActiveCfg = AppStore|iPhoneSimulator
		{D790AA02-0B77-4062-B748-A7837DB39508}.AppStore|iPhoneSimulator.Build.0 = AppStore|iPhoneSimulator
		{D790AA02-0B77-4062-B748-A7837DB39508}.AppStore|x64.ActiveCfg = AppStore|iPhone
		{D790AA02-0B77-4062-B748-A7837DB39508}.AppStore|x86.ActiveCfg = AppStore|iPhone
		{D790AA02-0B77-4062-B748-A7837DB39508}.Debug|Any CPU.ActiveCfg = Debug|iPhone
		{D790AA02-0B77-4062-B748-A7837DB39508}.Debug|Any CPU.Build.0 = Debug|iPhone
		{D790AA02-0B77-4062-B748-A7837DB39508}.Debug|ARM.ActiveCfg = Debug|iPhone
		{D790AA02-0B77-4062-B748-A7837DB39508}.Debug|iPhone.ActiveCfg = Debug|iPhone
		{D790AA02-0B77-4062-B748-A7837DB39508}.Debug|iPhone.Build.0 = Debug|iPhone
		{D790AA02-0B77-4062-B748-A7837DB39508}.Debug|iPhoneSimulator.ActiveCfg = Debug|iPhoneSimulator
		{D790AA02-0B77-4062-B748-A7837DB39508}.Debug|iPhoneSimulator.Build.0 = Debug|iPhoneSimulator
		{D790AA02-0B77-4062-B748-A7837DB39508}.Debug|x64.ActiveCfg = Debug|iPhone
		{D790AA02-0B77-4062-B748-A7837DB39508}.Debug|x86.ActiveCfg = Debug|iPhone
		{D790AA02-0B77-4062-B748-A7837DB39508}.Release|Any CPU.ActiveCfg = Release|iPhone
		{D790AA02-0B77-4062-B748-A7837DB39508}.Release|ARM.ActiveCfg = Release|iPhone
		{D790AA02-0B77-4062-B748-A7837DB39508}.Release|iPhone.ActiveCfg = Release|iPhone
		{D790AA02-0B77-4062-B748-A7837DB39508}.Release|iPhone.Build.0 = Release|iPhone
		{D790AA02-0B77-4062-B748-A7837DB39508}.Release|iPhoneSimulator.ActiveCfg = Release|iPhoneSimulator
		{D790AA02-0B77-4062-B748-A7837DB39508}.Release|iPhoneSimulator.Build.0 = Release|iPhoneSimulator
		{D790AA02-0B77-4062-B748-A7837DB39508}.Release|x64.ActiveCfg = Release|iPhone
		{D790AA02-0B77-4062-B748-A7837DB39508}.Release|x86.ActiveCfg = Release|iPhone
		{3DFE7A44-6ECD-489A-B270-8863A82BBD51}.Ad-Hoc|Any CPU.ActiveCfg = Release|Any CPU
		{3DFE7A44-6ECD-489A-B270-8863A82BBD51}.Ad-Hoc|Any CPU.Build.0 = Release|Any CPU
		{3DFE7A44-6ECD-489A-B270-8863A82BBD51}.Ad-Hoc|Any CPU.Deploy.0 = Release|Any CPU
		{3DFE7A44-6ECD-489A-B270-8863A82BBD51}.Ad-Hoc|ARM.ActiveCfg = Release|ARM
		{3DFE7A44-6ECD-489A-B270-8863A82BBD51}.Ad-Hoc|ARM.Build.0 = Release|ARM
		{3DFE7A44-6ECD-489A-B270-8863A82BBD51}.Ad-Hoc|ARM.Deploy.0 = Release|ARM
		{3DFE7A44-6ECD-489A-B270-8863A82BBD51}.Ad-Hoc|iPhone.ActiveCfg = Release|Any CPU
		{3DFE7A44-6ECD-489A-B270-8863A82BBD51}.Ad-Hoc|iPhone.Build.0 = Release|Any CPU
		{3DFE7A44-6ECD-489A-B270-8863A82BBD51}.Ad-Hoc|iPhone.Deploy.0 = Release|Any CPU
		{3DFE7A44-6ECD-489A-B270-8863A82BBD51}.Ad-Hoc|iPhoneSimulator.ActiveCfg = Release|Any CPU
		{3DFE7A44-6ECD-489A-B270-8863A82BBD51}.Ad-Hoc|iPhoneSimulator.Build.0 = Release|Any CPU
		{3DFE7A44-6ECD-489A-B270-8863A82BBD51}.Ad-Hoc|iPhoneSimulator.Deploy.0 = Release|Any CPU
		{3DFE7A44-6ECD-489A-B270-8863A82BBD51}.Ad-Hoc|x64.ActiveCfg = Release|Any CPU
		{3DFE7A44-6ECD-489A-B270-8863A82BBD51}.Ad-Hoc|x64.Build.0 = Release|Any CPU
		{3DFE7A44-6ECD-489A-B270-8863A82BBD51}.Ad-Hoc|x64.Deploy.0 = Release|Any CPU
		{3DFE7A44-6ECD-489A-B270-8863A82BBD51}.Ad-Hoc|x86.ActiveCfg = Release|x86
		{3DFE7A44-6ECD-489A-B270-8863A82BBD51}.Ad-Hoc|x86.Build.0 = Release|x86
		{3DFE7A44-6ECD-489A-B270-8863A82BBD51}.Ad-Hoc|x86.Deploy.0 = Release|x86
		{3DFE7A44-6ECD-489A-B270-8863A82BBD51}.AppStore|Any CPU.ActiveCfg = Release|Any CPU
		{3DFE7A44-6ECD-489A-B270-8863A82BBD51}.AppStore|Any CPU.Build.0 = Release|Any CPU
		{3DFE7A44-6ECD-489A-B270-8863A82BBD51}.AppStore|Any CPU.Deploy.0 = Release|Any CPU
		{3DFE7A44-6ECD-489A-B270-8863A82BBD51}.AppStore|ARM.ActiveCfg = Release|ARM
		{3DFE7A44-6ECD-489A-B270-8863A82BBD51}.AppStore|ARM.Build.0 = Release|ARM
		{3DFE7A44-6ECD-489A-B270-8863A82BBD51}.AppStore|ARM.Deploy.0 = Release|ARM
		{3DFE7A44-6ECD-489A-B270-8863A82BBD51}.AppStore|iPhone.ActiveCfg = Release|Any CPU
		{3DFE7A44-6ECD-489A-B270-8863A82BBD51}.AppStore|iPhone.Build.0 = Release|Any CPU
		{3DFE7A44-6ECD-489A-B270-8863A82BBD51}.AppStore|iPhone.Deploy.0 = Release|Any CPU
		{3DFE7A44-6ECD-489A-B270-8863A82BBD51}.AppStore|iPhoneSimulator.ActiveCfg = Release|Any CPU
		{3DFE7A44-6ECD-489A-B270-8863A82BBD51}.AppStore|iPhoneSimulator.Build.0 = Release|Any CPU
		{3DFE7A44-6ECD-489A-B270-8863A82BBD51}.AppStore|iPhoneSimulator.Deploy.0 = Release|Any CPU
		{3DFE7A44-6ECD-489A-B270-8863A82BBD51}.AppStore|x64.ActiveCfg = Release|Any CPU
		{3DFE7A44-6ECD-489A-B270-8863A82BBD51}.AppStore|x64.Build.0 = Release|Any CPU
		{3DFE7A44-6ECD-489A-B270-8863A82BBD51}.AppStore|x64.Deploy.0 = Release|Any CPU
		{3DFE7A44-6ECD-489A-B270-8863A82BBD51}.AppStore|x86.ActiveCfg = Release|x86
		{3DFE7A44-6ECD-489A-B270-8863A82BBD51}.AppStore|x86.Build.0 = Release|x86
		{3DFE7A44-6ECD-489A-B270-8863A82BBD51}.AppStore|x86.Deploy.0 = Release|x86
		{3DFE7A44-6ECD-489A-B270-8863A82BBD51}.Debug|Any CPU.ActiveCfg = Debug|Any CPU
		{3DFE7A44-6ECD-489A-B270-8863A82BBD51}.Debug|Any CPU.Build.0 = Debug|Any CPU
		{3DFE7A44-6ECD-489A-B270-8863A82BBD51}.Debug|Any CPU.Deploy.0 = Debug|Any CPU
		{3DFE7A44-6ECD-489A-B270-8863A82BBD51}.Debug|ARM.ActiveCfg = Debug|ARM
		{3DFE7A44-6ECD-489A-B270-8863A82BBD51}.Debug|ARM.Build.0 = Debug|ARM
		{3DFE7A44-6ECD-489A-B270-8863A82BBD51}.Debug|ARM.Deploy.0 = Debug|ARM
		{3DFE7A44-6ECD-489A-B270-8863A82BBD51}.Debug|iPhone.ActiveCfg = Debug|Any CPU
		{3DFE7A44-6ECD-489A-B270-8863A82BBD51}.Debug|iPhone.Build.0 = Debug|Any CPU
		{3DFE7A44-6ECD-489A-B270-8863A82BBD51}.Debug|iPhone.Deploy.0 = Debug|Any CPU
		{3DFE7A44-6ECD-489A-B270-8863A82BBD51}.Debug|iPhoneSimulator.ActiveCfg = Debug|Any CPU
		{3DFE7A44-6ECD-489A-B270-8863A82BBD51}.Debug|iPhoneSimulator.Build.0 = Debug|Any CPU
		{3DFE7A44-6ECD-489A-B270-8863A82BBD51}.Debug|iPhoneSimulator.Deploy.0 = Debug|Any CPU
		{3DFE7A44-6ECD-489A-B270-8863A82BBD51}.Debug|x64.ActiveCfg = Debug|Any CPU
		{3DFE7A44-6ECD-489A-B270-8863A82BBD51}.Debug|x64.Build.0 = Debug|Any CPU
		{3DFE7A44-6ECD-489A-B270-8863A82BBD51}.Debug|x64.Deploy.0 = Debug|Any CPU
		{3DFE7A44-6ECD-489A-B270-8863A82BBD51}.Debug|x86.ActiveCfg = Debug|x86
		{3DFE7A44-6ECD-489A-B270-8863A82BBD51}.Debug|x86.Build.0 = Debug|x86
		{3DFE7A44-6ECD-489A-B270-8863A82BBD51}.Debug|x86.Deploy.0 = Debug|x86
		{3DFE7A44-6ECD-489A-B270-8863A82BBD51}.Release|Any CPU.ActiveCfg = Release|Any CPU
		{3DFE7A44-6ECD-489A-B270-8863A82BBD51}.Release|Any CPU.Build.0 = Release|Any CPU
		{3DFE7A44-6ECD-489A-B270-8863A82BBD51}.Release|Any CPU.Deploy.0 = Release|Any CPU
		{3DFE7A44-6ECD-489A-B270-8863A82BBD51}.Release|ARM.ActiveCfg = Release|ARM
		{3DFE7A44-6ECD-489A-B270-8863A82BBD51}.Release|ARM.Build.0 = Release|ARM
		{3DFE7A44-6ECD-489A-B270-8863A82BBD51}.Release|ARM.Deploy.0 = Release|ARM
		{3DFE7A44-6ECD-489A-B270-8863A82BBD51}.Release|iPhone.ActiveCfg = Release|Any CPU
		{3DFE7A44-6ECD-489A-B270-8863A82BBD51}.Release|iPhone.Build.0 = Release|Any CPU
		{3DFE7A44-6ECD-489A-B270-8863A82BBD51}.Release|iPhone.Deploy.0 = Release|Any CPU
		{3DFE7A44-6ECD-489A-B270-8863A82BBD51}.Release|iPhoneSimulator.ActiveCfg = Release|Any CPU
		{3DFE7A44-6ECD-489A-B270-8863A82BBD51}.Release|iPhoneSimulator.Build.0 = Release|Any CPU
		{3DFE7A44-6ECD-489A-B270-8863A82BBD51}.Release|iPhoneSimulator.Deploy.0 = Release|Any CPU
		{3DFE7A44-6ECD-489A-B270-8863A82BBD51}.Release|x64.ActiveCfg = Release|Any CPU
		{3DFE7A44-6ECD-489A-B270-8863A82BBD51}.Release|x64.Build.0 = Release|Any CPU
		{3DFE7A44-6ECD-489A-B270-8863A82BBD51}.Release|x64.Deploy.0 = Release|Any CPU
		{3DFE7A44-6ECD-489A-B270-8863A82BBD51}.Release|x86.ActiveCfg = Release|x86
		{3DFE7A44-6ECD-489A-B270-8863A82BBD51}.Release|x86.Build.0 = Release|x86
		{3DFE7A44-6ECD-489A-B270-8863A82BBD51}.Release|x86.Deploy.0 = Release|x86
		{E845051F-E2DB-464C-A8B5-06589DFE22E7}.Ad-Hoc|Any CPU.ActiveCfg = Release|Any CPU
		{E845051F-E2DB-464C-A8B5-06589DFE22E7}.Ad-Hoc|Any CPU.Build.0 = Release|Any CPU
		{E845051F-E2DB-464C-A8B5-06589DFE22E7}.Ad-Hoc|Any CPU.Deploy.0 = Release|Any CPU
		{E845051F-E2DB-464C-A8B5-06589DFE22E7}.Ad-Hoc|ARM.ActiveCfg = Release|ARM
		{E845051F-E2DB-464C-A8B5-06589DFE22E7}.Ad-Hoc|ARM.Build.0 = Release|ARM
		{E845051F-E2DB-464C-A8B5-06589DFE22E7}.Ad-Hoc|ARM.Deploy.0 = Release|ARM
		{E845051F-E2DB-464C-A8B5-06589DFE22E7}.Ad-Hoc|iPhone.ActiveCfg = Release|Any CPU
		{E845051F-E2DB-464C-A8B5-06589DFE22E7}.Ad-Hoc|iPhone.Build.0 = Release|Any CPU
		{E845051F-E2DB-464C-A8B5-06589DFE22E7}.Ad-Hoc|iPhone.Deploy.0 = Release|Any CPU
		{E845051F-E2DB-464C-A8B5-06589DFE22E7}.Ad-Hoc|iPhoneSimulator.ActiveCfg = Release|Any CPU
		{E845051F-E2DB-464C-A8B5-06589DFE22E7}.Ad-Hoc|iPhoneSimulator.Build.0 = Release|Any CPU
		{E845051F-E2DB-464C-A8B5-06589DFE22E7}.Ad-Hoc|iPhoneSimulator.Deploy.0 = Release|Any CPU
		{E845051F-E2DB-464C-A8B5-06589DFE22E7}.Ad-Hoc|x64.ActiveCfg = Release|x64
		{E845051F-E2DB-464C-A8B5-06589DFE22E7}.Ad-Hoc|x64.Build.0 = Release|x64
		{E845051F-E2DB-464C-A8B5-06589DFE22E7}.Ad-Hoc|x64.Deploy.0 = Release|x64
		{E845051F-E2DB-464C-A8B5-06589DFE22E7}.Ad-Hoc|x86.ActiveCfg = Release|x86
		{E845051F-E2DB-464C-A8B5-06589DFE22E7}.Ad-Hoc|x86.Build.0 = Release|x86
		{E845051F-E2DB-464C-A8B5-06589DFE22E7}.Ad-Hoc|x86.Deploy.0 = Release|x86
		{E845051F-E2DB-464C-A8B5-06589DFE22E7}.AppStore|Any CPU.ActiveCfg = Release|Any CPU
		{E845051F-E2DB-464C-A8B5-06589DFE22E7}.AppStore|Any CPU.Build.0 = Release|Any CPU
		{E845051F-E2DB-464C-A8B5-06589DFE22E7}.AppStore|Any CPU.Deploy.0 = Release|Any CPU
		{E845051F-E2DB-464C-A8B5-06589DFE22E7}.AppStore|ARM.ActiveCfg = Release|ARM
		{E845051F-E2DB-464C-A8B5-06589DFE22E7}.AppStore|ARM.Build.0 = Release|ARM
		{E845051F-E2DB-464C-A8B5-06589DFE22E7}.AppStore|ARM.Deploy.0 = Release|ARM
		{E845051F-E2DB-464C-A8B5-06589DFE22E7}.AppStore|iPhone.ActiveCfg = Release|Any CPU
		{E845051F-E2DB-464C-A8B5-06589DFE22E7}.AppStore|iPhone.Build.0 = Release|Any CPU
		{E845051F-E2DB-464C-A8B5-06589DFE22E7}.AppStore|iPhone.Deploy.0 = Release|Any CPU
		{E845051F-E2DB-464C-A8B5-06589DFE22E7}.AppStore|iPhoneSimulator.ActiveCfg = Release|Any CPU
		{E845051F-E2DB-464C-A8B5-06589DFE22E7}.AppStore|iPhoneSimulator.Build.0 = Release|Any CPU
		{E845051F-E2DB-464C-A8B5-06589DFE22E7}.AppStore|iPhoneSimulator.Deploy.0 = Release|Any CPU
		{E845051F-E2DB-464C-A8B5-06589DFE22E7}.AppStore|x64.ActiveCfg = Release|x64
		{E845051F-E2DB-464C-A8B5-06589DFE22E7}.AppStore|x64.Build.0 = Release|x64
		{E845051F-E2DB-464C-A8B5-06589DFE22E7}.AppStore|x64.Deploy.0 = Release|x64
		{E845051F-E2DB-464C-A8B5-06589DFE22E7}.AppStore|x86.ActiveCfg = Release|x86
		{E845051F-E2DB-464C-A8B5-06589DFE22E7}.AppStore|x86.Build.0 = Release|x86
		{E845051F-E2DB-464C-A8B5-06589DFE22E7}.AppStore|x86.Deploy.0 = Release|x86
		{E845051F-E2DB-464C-A8B5-06589DFE22E7}.Debug|Any CPU.ActiveCfg = Debug|Any CPU
		{E845051F-E2DB-464C-A8B5-06589DFE22E7}.Debug|Any CPU.Build.0 = Debug|Any CPU
		{E845051F-E2DB-464C-A8B5-06589DFE22E7}.Debug|Any CPU.Deploy.0 = Debug|Any CPU
		{E845051F-E2DB-464C-A8B5-06589DFE22E7}.Debug|ARM.ActiveCfg = Debug|ARM
		{E845051F-E2DB-464C-A8B5-06589DFE22E7}.Debug|ARM.Build.0 = Debug|ARM
		{E845051F-E2DB-464C-A8B5-06589DFE22E7}.Debug|ARM.Deploy.0 = Debug|ARM
		{E845051F-E2DB-464C-A8B5-06589DFE22E7}.Debug|iPhone.ActiveCfg = Debug|Any CPU
		{E845051F-E2DB-464C-A8B5-06589DFE22E7}.Debug|iPhone.Build.0 = Debug|Any CPU
		{E845051F-E2DB-464C-A8B5-06589DFE22E7}.Debug|iPhone.Deploy.0 = Debug|Any CPU
		{E845051F-E2DB-464C-A8B5-06589DFE22E7}.Debug|iPhoneSimulator.ActiveCfg = Debug|Any CPU
		{E845051F-E2DB-464C-A8B5-06589DFE22E7}.Debug|iPhoneSimulator.Build.0 = Debug|Any CPU
		{E845051F-E2DB-464C-A8B5-06589DFE22E7}.Debug|iPhoneSimulator.Deploy.0 = Debug|Any CPU
		{E845051F-E2DB-464C-A8B5-06589DFE22E7}.Debug|x64.ActiveCfg = Debug|x64
		{E845051F-E2DB-464C-A8B5-06589DFE22E7}.Debug|x64.Build.0 = Debug|x64
		{E845051F-E2DB-464C-A8B5-06589DFE22E7}.Debug|x64.Deploy.0 = Debug|x64
		{E845051F-E2DB-464C-A8B5-06589DFE22E7}.Debug|x86.ActiveCfg = Debug|x86
		{E845051F-E2DB-464C-A8B5-06589DFE22E7}.Debug|x86.Build.0 = Debug|x86
		{E845051F-E2DB-464C-A8B5-06589DFE22E7}.Debug|x86.Deploy.0 = Debug|x86
		{E845051F-E2DB-464C-A8B5-06589DFE22E7}.Release|Any CPU.ActiveCfg = Release|Any CPU
		{E845051F-E2DB-464C-A8B5-06589DFE22E7}.Release|Any CPU.Build.0 = Release|Any CPU
		{E845051F-E2DB-464C-A8B5-06589DFE22E7}.Release|Any CPU.Deploy.0 = Release|Any CPU
		{E845051F-E2DB-464C-A8B5-06589DFE22E7}.Release|ARM.ActiveCfg = Release|ARM
		{E845051F-E2DB-464C-A8B5-06589DFE22E7}.Release|ARM.Build.0 = Release|ARM
		{E845051F-E2DB-464C-A8B5-06589DFE22E7}.Release|ARM.Deploy.0 = Release|ARM
		{E845051F-E2DB-464C-A8B5-06589DFE22E7}.Release|iPhone.ActiveCfg = Release|Any CPU
		{E845051F-E2DB-464C-A8B5-06589DFE22E7}.Release|iPhone.Build.0 = Release|Any CPU
		{E845051F-E2DB-464C-A8B5-06589DFE22E7}.Release|iPhone.Deploy.0 = Release|Any CPU
		{E845051F-E2DB-464C-A8B5-06589DFE22E7}.Release|iPhoneSimulator.ActiveCfg = Release|Any CPU
		{E845051F-E2DB-464C-A8B5-06589DFE22E7}.Release|iPhoneSimulator.Build.0 = Release|Any CPU
		{E845051F-E2DB-464C-A8B5-06589DFE22E7}.Release|iPhoneSimulator.Deploy.0 = Release|Any CPU
		{E845051F-E2DB-464C-A8B5-06589DFE22E7}.Release|x64.ActiveCfg = Release|x64
		{E845051F-E2DB-464C-A8B5-06589DFE22E7}.Release|x64.Build.0 = Release|x64
		{E845051F-E2DB-464C-A8B5-06589DFE22E7}.Release|x64.Deploy.0 = Release|x64
		{E845051F-E2DB-464C-A8B5-06589DFE22E7}.Release|x86.ActiveCfg = Release|x86
		{E845051F-E2DB-464C-A8B5-06589DFE22E7}.Release|x86.Build.0 = Release|x86
		{E845051F-E2DB-464C-A8B5-06589DFE22E7}.Release|x86.Deploy.0 = Release|x86
	EndGlobalSection
	GlobalSection(SolutionProperties) = preSolution
		HideSolutionNode = FALSE
	EndGlobalSection
EndGlobal
